
Microsoft Visual Studio Solution File, Format Version 12.00
# Visual Studio Version 16
VisualStudioVersion = 16.0.31702.278
MinimumVisualStudioVersion = 10.0.40219.1
Project("{FAE04EC0-301F-11D3-BF4B-00C04F79EFBC}") = "MutableObjects", "MutableObjects\MutableObjects.csproj", "{71C45F8D-891B-41F3-9757-212BA7BFBBF8}"
EndProject
Global
	GlobalSection(SolutionConfigurationPlatforms) = preSolution
		Debug|Any CPU = Debug|Any CPU
		Release|Any CPU = Release|Any CPU
	EndGlobalSection
	GlobalSection(ProjectConfigurationPlatforms) = postSolution
		{71C45F8D-891B-41F3-9757-212BA7BFBBF8}.Debug|Any CPU.ActiveCfg = Debug|Any CPU
		{71C45F8D-891B-41F3-9757-212BA7BFBBF8}.Debug|Any CPU.Build.0 = Debug|Any CPU
		{71C45F8D-891B-41F3-9757-212BA7BFBBF8}.Release|Any CPU.ActiveCfg = Release|Any CPU
		{71C45F8D-891B-41F3-9757-212BA7BFBBF8}.Release|Any CPU.Build.0 = Release|Any CPU
	EndGlobalSection
	GlobalSection(SolutionProperties) = preSolution
		HideSolutionNode = FALSE
	EndGlobalSection
	GlobalSection(ExtensibilityGlobals) = postSolution
		SolutionGuid = {821902DF-97E9-4488-8083-75BC6DB83FD2}
	EndGlobalSection
EndGlobal
