
Microsoft Visual Studio Solution File, Format Version 12.00
# Visual Studio Version 16
VisualStudioVersion = 16.0.31702.278
MinimumVisualStudioVersion = 10.0.40219.1
Project("{FAE04EC0-301F-11D3-BF4B-00C04F79EFBC}") = "FirstAndReserveTeams", "FirstAndReserveTeams\FirstAndReserveTeams.csproj", "{C2713EDF-750D-44ED-B6EE-7B7056520B65}"
EndProject
Global
	GlobalSection(SolutionConfigurationPlatforms) = preSolution
		Debug|Any CPU = Debug|Any CPU
		Release|Any CPU = Release|Any CPU
	EndGlobalSection
	GlobalSection(ProjectConfigurationPlatforms) = postSolution
		{C2713EDF-750D-44ED-B6EE-7B7056520B65}.Debug|Any CPU.ActiveCfg = Debug|Any CPU
		{C2713EDF-750D-44ED-B6EE-7B7056520B65}.Debug|Any CPU.Build.0 = Debug|Any CPU
		{C2713EDF-750D-44ED-B6EE-7B7056520B65}.Release|Any CPU.ActiveCfg = Release|Any CPU
		{C2713EDF-750D-44ED-B6EE-7B7056520B65}.Release|Any CPU.Build.0 = Release|Any CPU
	EndGlobalSection
	GlobalSection(SolutionProperties) = preSolution
		HideSolutionNode = FALSE
	EndGlobalSection
	GlobalSection(ExtensibilityGlobals) = postSolution
		SolutionGuid = {15F06BB2-751F-4588-A476-6564552B4655}
	EndGlobalSection
EndGlobal
